{
  "name": "coding-sharing-master",
  "lockfileVersion": 3,
  "requires": true,
  "packages": {
    "": {
      "dependencies": {
        "@prisma/client": "^6.11.1",
        "prisma": "^6.11.1",
        "uuid": "^11.1.0"
      },
      "devDependencies": {
        "@types/uuid": "^10.0.0"
      }
    },
    "node_modules/@prisma/client": {
      "version": "6.11.1",
      "resolved": "https://registry.npmjs.org/@prisma/client/-/client-6.11.1.tgz",
      "integrity": "sha512-5CLFh8QP6KxRm83pJ84jaVCeSVPQr8k0L2SEtOJHwdkS57/VQDcI/wQpGmdyOZi+D9gdNabdo8tj1Uk+w+upsQ==",
      "hasInstallScript": true,
      "engines": {
        "node": ">=18.18"
      },
      "peerDependencies": {
        "prisma": "*",
        "typescript": ">=5.1.0"
      },
      "peerDependenciesMeta": {
        "prisma": {
          "optional": true
        },
        "typescript": {
          "optional": true
        }
      }
    },
    "node_modules/@prisma/config": {
      "version": "6.11.1",
      "resolved": "https://registry.npmjs.org/@prisma/config/-/config-6.11.1.tgz",
      "integrity": "sha512-z6rCTQN741wxDq82cpdzx2uVykpnQIXalLhrWQSR0jlBVOxCIkz3HZnd8ern3uYTcWKfB3IpVAF7K2FU8t/8AQ==",
      "dependencies": {
        "jiti": "2.4.2"
      }
    },
    "node_modules/@prisma/debug": {
      "version": "6.11.1",
      "resolved": "https://registry.npmjs.org/@prisma/debug/-/debug-6.11.1.tgz",
      "integrity": "sha512-lWRb/YSWu8l4Yum1UXfGLtqFzZkVS2ygkWYpgkbgMHn9XJlMITIgeMvJyX5GepChzhmxuSuiq/MY/kGFweOpGw=="
    },
    "node_modules/@prisma/engines": {
      "version": "6.11.1",
      "resolved": "https://registry.npmjs.org/@prisma/engines/-/engines-6.11.1.tgz",
      "integrity": "sha512-6eKEcV6V8W2eZAUwX2xTktxqPM4vnx3sxz3SDtpZwjHKpC6lhOtc4vtAtFUuf5+eEqBk+dbJ9Dcaj6uQU+FNNg==",
      "hasInstallScript": true,
      "dependencies": {
        "@prisma/debug": "6.11.1",
        "@prisma/engines-version": "6.11.1-1.f40f79ec31188888a2e33acda0ecc8fd10a853a9",
        "@prisma/fetch-engine": "6.11.1",
        "@prisma/get-platform": "6.11.1"
      }
    },
    "node_modules/@prisma/engines-version": {
      "version": "6.11.1-1.f40f79ec31188888a2e33acda0ecc8fd10a853a9",
      "resolved": "https://registry.npmjs.org/@prisma/engines-version/-/engines-version-6.11.1-1.f40f79ec31188888a2e33acda0ecc8fd10a853a9.tgz",
      "integrity": "sha512-swFJTOOg4tHyOM1zB/pHb3MeH0i6t7jFKn5l+ZsB23d9AQACuIRo9MouvuKGvnDogzkcjbWnXi/NvOZ0+n5Jfw=="
    },
    "node_modules/@prisma/fetch-engine": {
      "version": "6.11.1",
      "resolved": "https://registry.npmjs.org/@prisma/fetch-engine/-/fetch-engine-6.11.1.tgz",
      "integrity": "sha512-NBYzmkXTkj9+LxNPRSndaAeALOL1Gr3tjvgRYNqruIPlZ6/ixLeuE/5boYOewant58tnaYFZ5Ne0jFBPfGXHpQ==",
      "dependencies": {
        "@prisma/debug": "6.11.1",
        "@prisma/engines-version": "6.11.1-1.f40f79ec31188888a2e33acda0ecc8fd10a853a9",
        "@prisma/get-platform": "6.11.1"
      }
    },
    "node_modules/@prisma/get-platform": {
      "version": "6.11.1",
      "resolved": "https://registry.npmjs.org/@prisma/get-platform/-/get-platform-6.11.1.tgz",
      "integrity": "sha512-b2Z8oV2gwvdCkFemBTFd0x4lsL4O2jLSx8lB7D+XqoFALOQZPa7eAPE1NU0Mj1V8gPHRxIsHnyUNtw2i92psUw==",
      "dependencies": {
        "@prisma/debug": "6.11.1"
      }
    },
    "node_modules/@types/uuid": {
      "version": "10.0.0",
      "resolved": "https://registry.npmjs.org/@types/uuid/-/uuid-10.0.0.tgz",
      "integrity": "sha512-7gqG38EyHgyP1S+7+xomFtL+ZNHcKv6DwNaCZmJmo1vgMugyF3TCnXVg4t1uk89mLNwnLtnY3TpOpCOyp1/xHQ==",
      "dev": true
    },
    "node_modules/jiti": {
      "version": "2.4.2",
      "resolved": "https://registry.npmjs.org/jiti/-/jiti-2.4.2.tgz",
      "integrity": "sha512-rg9zJN+G4n2nfJl5MW3BMygZX56zKPNVEYYqq7adpmMh4Jn2QNEwhvQlFy6jPVdcod7txZtKHWnyZiA3a0zP7A==",
      "bin": {
        "jiti": "lib/jiti-cli.mjs"
      }
    },
    "node_modules/prisma": {
      "version": "6.11.1",
      "resolved": "https://registry.npmjs.org/prisma/-/prisma-6.11.1.tgz",
      "integrity": "sha512-VzJToRlV0s9Vu2bfqHiRJw73hZNCG/AyJeX+kopbu4GATTjTUdEWUteO3p4BLYoHpMS4o8pD3v6tF44BHNZI1w==",
      "hasInstallScript": true,
      "dependencies": {
        "@prisma/config": "6.11.1",
        "@prisma/engines": "6.11.1"
      },
      "bin": {
        "prisma": "build/index.js"
      },
      "engines": {
        "node": ">=18.18"
      },
      "peerDependencies": {
        "typescript": ">=5.1.0"
      },
      "peerDependenciesMeta": {
        "typescript": {
          "optional": true
        }
      }
    },
    "node_modules/uuid": {
      "version": "11.1.0",
      "resolved": "https://registry.npmjs.org/uuid/-/uuid-11.1.0.tgz",
      "integrity": "sha512-0/A9rDy9P7cJ+8w1c9WD9V//9Wj15Ce2MPz8Ri6032usz+NfePxx5AcN3bN+r6ZL6jEo066/yNYB3tn4pQEx+A==",
      "funding": [
        "https://github.com/sponsors/broofa",
        "https://github.com/sponsors/ctavan"
      ],
      "bin": {
        "uuid": "dist/esm/bin/uuid"
      }
    }
  }
}
